
Microsoft Visual Studio Solution File, Format Version 12.00
# Visual Studio Version 17
VisualStudioVersion = 17.8.34316.72
MinimumVisualStudioVersion = 10.0.40219.1
Project("{9A19103F-16F7-4668-BE54-9A1E7A4F7556}") = "CryptoConverterUi", "CryptoConverterUi\CryptoConverterUi.csproj", "{9839FBDC-C000-4557-8C95-D53FAD14A8FE}"
	ProjectSection(ProjectDependencies) = postProject
		{3714DCE9-62FA-4274-9B71-FDB875156B8D} = {3714DCE9-62FA-4274-9B71-FDB875156B8D}
	EndProjectSection
EndProject
Project("{9A19103F-16F7-4668-BE54-9A1E7A4F7556}") = "CryptoConverter.App", "CryptoConverter.App\CryptoConverter.App.csproj", "{3714DCE9-62FA-4274-9B71-FDB875156B8D}"
	ProjectSection(ProjectDependencies) = postProject
		{5410E374-B811-4AA4-9AA2-4DA88A6359F8} = {5410E374-B811-4AA4-9AA2-4DA88A6359F8}
	EndProjectSection
EndProject
Project("{9A19103F-16F7-4668-BE54-9A1E7A4F7556}") = "CryptoConverter.Data", "CryptoConverter.Data\CryptoConverter.Data.csproj", "{5410E374-B811-4AA4-9AA2-4DA88A6359F8}"
EndProject
Global
	GlobalSection(SolutionConfigurationPlatforms) = preSolution
		Debug|Any CPU = Debug|Any CPU
		Release|Any CPU = Release|Any CPU
	EndGlobalSection
	GlobalSection(ProjectConfigurationPlatforms) = postSolution
		{9839FBDC-C000-4557-8C95-D53FAD14A8FE}.Debug|Any CPU.ActiveCfg = Debug|Any CPU
		{9839FBDC-C000-4557-8C95-D53FAD14A8FE}.Debug|Any CPU.Build.0 = Debug|Any CPU
		{9839FBDC-C000-4557-8C95-D53FAD14A8FE}.Release|Any CPU.ActiveCfg = Release|Any CPU
		{9839FBDC-C000-4557-8C95-D53FAD14A8FE}.Release|Any CPU.Build.0 = Release|Any CPU
		{3714DCE9-62FA-4274-9B71-FDB875156B8D}.Debug|Any CPU.ActiveCfg = Debug|Any CPU
		{3714DCE9-62FA-4274-9B71-FDB875156B8D}.Debug|Any CPU.Build.0 = Debug|Any CPU
		{3714DCE9-62FA-4274-9B71-FDB875156B8D}.Release|Any CPU.ActiveCfg = Release|Any CPU
		{3714DCE9-62FA-4274-9B71-FDB875156B8D}.Release|Any CPU.Build.0 = Release|Any CPU
		{5410E374-B811-4AA4-9AA2-4DA88A6359F8}.Debug|Any CPU.ActiveCfg = Debug|Any CPU
		{5410E374-B811-4AA4-9AA2-4DA88A6359F8}.Debug|Any CPU.Build.0 = Debug|Any CPU
		{5410E374-B811-4AA4-9AA2-4DA88A6359F8}.Release|Any CPU.ActiveCfg = Release|Any CPU
		{5410E374-B811-4AA4-9AA2-4DA88A6359F8}.Release|Any CPU.Build.0 = Release|Any CPU
	EndGlobalSection
	GlobalSection(SolutionProperties) = preSolution
		HideSolutionNode = FALSE
	EndGlobalSection
	GlobalSection(ExtensibilityGlobals) = postSolution
		SolutionGuid = {D00ADBE4-F696-4457-B7B0-C54FC46F95C8}
	EndGlobalSection
EndGlobal
